{
  "name": "logger",
  "version": "1.0.0",
  "lockfileVersion": 2,
  "requires": true,
  "packages": {
    "": {
      "name": "logger",
      "version": "1.0.0",
      "license": "MIT",
      "dependencies": {
        "buffer-replace": "^1.0.0",
        "node-tcp-proxy": "^0.0.27"
      }
    },
    "../..": {
      "version": "0.0.23",
      "extraneous": true,
      "license": "MIT",
      "dependencies": {
        "commander": "^2.19.0"
      },
      "bin": {
        "tcpproxy": "tcp-proxy-cli.js"
      },
      "devDependencies": {
        "eslint": "^4.19.1",
        "eslint-config-google": "^0.8.1",
        "eslint-plugin-security": "^1.4.0"
      }
    },
    "node_modules/buffer-replace": {
      "version": "1.0.0",
      "resolved": "https://registry.npmjs.org/buffer-replace/-/buffer-replace-1.0.0.tgz",
      "integrity": "sha1-vEJ8QK9MHwbWkz3t5XEQrLqK3lQ="
    },
    "node_modules/commander": {
      "version": "2.20.3",
      "resolved": "https://registry.npmjs.org/commander/-/commander-2.20.3.tgz",
      "integrity": "sha512-GpVkmM8vF2vQUkj2LvZmD35JxeJOLCwJ9cUkugyk2nuhbv3+mJvpLYYt+0+USMxE+oj+ey/lJEnhZw75x/OMcQ=="
    },
    "node_modules/node-tcp-proxy": {
      "version": "0.0.26",
      "resolved": "https://registry.npmjs.org/node-tcp-proxy/-/node-tcp-proxy-0.0.26.tgz",
      "integrity": "sha512-MwWLo/007Rx1wKnVOx+qB4F2dNc6PqJEat0i0cjCedXxaZ/SZ4urMEVATQXQ/Pn62BFjtllrm4VCwHUhJMhV/Q==",
      "dependencies": {
        "commander": "^2.19.0"
      },
      "bin": {
        "tcpproxy": "tcp-proxy-cli.js"
      }
    }
  },
  "dependencies": {
    "buffer-replace": {
      "version": "1.0.0",
      "resolved": "https://registry.npmjs.org/buffer-replace/-/buffer-replace-1.0.0.tgz",
      "integrity": "sha1-vEJ8QK9MHwbWkz3t5XEQrLqK3lQ="
    },
    "commander": {
      "version": "2.20.3",
      "resolved": "https://registry.npmjs.org/commander/-/commander-2.20.3.tgz",
      "integrity": "sha512-GpVkmM8vF2vQUkj2LvZmD35JxeJOLCwJ9cUkugyk2nuhbv3+mJvpLYYt+0+USMxE+oj+ey/lJEnhZw75x/OMcQ=="
    },
    "node-tcp-proxy": {
      "version": "0.0.26",
      "resolved": "https://registry.npmjs.org/node-tcp-proxy/-/node-tcp-proxy-0.0.26.tgz",
      "integrity": "sha512-MwWLo/007Rx1wKnVOx+qB4F2dNc6PqJEat0i0cjCedXxaZ/SZ4urMEVATQXQ/Pn62BFjtllrm4VCwHUhJMhV/Q==",
      "requires": {
        "commander": "^2.19.0"
      }
    }
  }
}
